
Microsoft Visual Studio Solution File, Format Version 12.00
# Visual Studio 15
VisualStudioVersion = 15.0.28307.1321
MinimumVisualStudioVersion = 10.0.40219.1
Project("{FAE04EC0-301F-11D3-BF4B-00C04F79EFBC}") = "webApp19June2021", "webApp19June2021\webApp19June2021.csproj", "{2B41E8EB-F9EA-4BB3-A87A-C9217679055D}"
EndProject
Global
	GlobalSection(SolutionConfigurationPlatforms) = preSolution
		Debug|Any CPU = Debug|Any CPU
		Release|Any CPU = Release|Any CPU
	EndGlobalSection
	GlobalSection(ProjectConfigurationPlatforms) = postSolution
		{2B41E8EB-F9EA-4BB3-A87A-C9217679055D}.Debug|Any CPU.ActiveCfg = Debug|Any CPU
		{2B41E8EB-F9EA-4BB3-A87A-C9217679055D}.Debug|Any CPU.Build.0 = Debug|Any CPU
		{2B41E8EB-F9EA-4BB3-A87A-C9217679055D}.Release|Any CPU.ActiveCfg = Release|Any CPU
		{2B41E8EB-F9EA-4BB3-A87A-C9217679055D}.Release|Any CPU.Build.0 = Release|Any CPU
	EndGlobalSection
	GlobalSection(SolutionProperties) = preSolution
		HideSolutionNode = FALSE
	EndGlobalSection
	GlobalSection(ExtensibilityGlobals) = postSolution
		SolutionGuid = {99A8FF41-0330-4543-BD96-D98F48A2339F}
	EndGlobalSection
EndGlobal
